// !$*UTF8*$!
{
	archiveVersion = 1;
	classes = {
	};
	objectVersion = 50;
	objects = {

/* Begin PBXBuildFile section */
		191107DB228BF1F9001D31B7 /* LayerShapeAndMaskVC.swift in Sources */ = {isa = PBXBuildFile; fileRef = 191107DA228BF1F9001D31B7 /* LayerShapeAndMaskVC.swift */; };
		191107DD228BF642001D31B7 /* GradientVC.swift in Sources */ = {isa = PBXBuildFile; fileRef = 191107DC228BF642001D31B7 /* GradientVC.swift */; };
		192E612722891C08002C7A6E /* AppDelegate.swift in Sources */ = {isa = PBXBuildFile; fileRef = 192E612622891C08002C7A6E /* AppDelegate.swift */; };
		192E612922891C08002C7A6E /* ViewController.swift in Sources */ = {isa = PBXBuildFile; fileRef = 192E612822891C08002C7A6E /* ViewController.swift */; };
		192E612C22891C08002C7A6E /* Main.storyboard in Resources */ = {isa = PBXBuildFile; fileRef = 192E612A22891C08002C7A6E /* Main.storyboard */; };
		192E612E22891C09002C7A6E /* Assets.xcassets in Resources */ = {isa = PBXBuildFile; fileRef = 192E612D22891C09002C7A6E /* Assets.xcassets */; };
		192E613122891C09002C7A6E /* LaunchScreen.storyboard in Resources */ = {isa = PBXBuildFile; fileRef = 192E612F22891C09002C7A6E /* LaunchScreen.storyboard */; };
		192E6139228925EC002C7A6E /* RootViewController.swift in Sources */ = {isa = PBXBuildFile; fileRef = 192E6138228925EC002C7A6E /* RootViewController.swift */; };
		192E613C22892729002C7A6E /* TransitionVC.swift in Sources */ = {isa = PBXBuildFile; fileRef = 192E613B22892729002C7A6E /* TransitionVC.swift */; };
		192E613F22897383002C7A6E /* LayerBasicVC.swift in Sources */ = {isa = PBXBuildFile; fileRef = 192E613E22897383002C7A6E /* LayerBasicVC.swift */; };
		CA55F67F78217B1A1E4DDB26 /* Pods_AnimationDemo.framework in Frameworks */ = {isa = PBXBuildFile; fileRef = B2A3D8883F0B3BD89A4A0039 /* Pods_AnimationDemo.framework */; };
/* End PBXBuildFile section */

/* Begin PBXFileReference section */
		191107DA228BF1F9001D31B7 /* LayerShapeAndMaskVC.swift */ = {isa = PBXFileReference; lastKnownFileType = sourcecode.swift; path = LayerShapeAndMaskVC.swift; sourceTree = "<group>"; };
		191107DC228BF642001D31B7 /* GradientVC.swift */ = {isa = PBXFileReference; lastKnownFileType = sourcecode.swift; path = GradientVC.swift; sourceTree = "<group>"; };
		192E612322891C08002C7A6E /* AnimationDemo.app */ = {isa = PBXFileReference; explicitFileType = wrapper.application; includeInIndex = 0; path = AnimationDemo.app; sourceTree = BUILT_PRODUCTS_DIR; };
		192E612622891C08002C7A6E /* AppDelegate.swift */ = {isa = PBXFileReference; lastKnownFileType = sourcecode.swift; path = AppDelegate.swift; sourceTree = "<group>"; };
		192E612822891C08002C7A6E /* ViewController.swift */ = {isa = PBXFileReference; lastKnownFileType = sourcecode.swift; path = ViewController.swift; sourceTree = "<group>"; };
		192E612B22891C08002C7A6E /* Base */ = {isa = PBXFileReference; lastKnownFileType = file.storyboard; name = Base; path = Base.lproj/Main.storyboard; sourceTree = "<group>"; };
		192E612D22891C09002C7A6E /* Assets.xcassets */ = {isa = PBXFileReference; lastKnownFileType = folder.assetcatalog; path = Assets.xcassets; sourceTree = "<group>"; };
		192E613022891C09002C7A6E /* Base */ = {isa = PBXFileReference; lastKnownFileType = file.storyboard; name = Base; path = Base.lproj/LaunchScreen.storyboard; sourceTree = "<group>"; };
		192E613222891C09002C7A6E /* Info.plist */ = {isa = PBXFileReference; lastKnownFileType = text.plist.xml; path = Info.plist; sourceTree = "<group>"; };
		192E6138228925EC002C7A6E /* RootViewController.swift */ = {isa = PBXFileReference; lastKnownFileType = sourcecode.swift; path = RootViewController.swift; sourceTree = "<group>"; };
		192E613B22892729002C7A6E /* TransitionVC.swift */ = {isa = PBXFileReference; lastKnownFileType = sourcecode.swift; path = TransitionVC.swift; sourceTree = "<group>"; };
		192E613E22897383002C7A6E /* LayerBasicVC.swift */ = {isa = PBXFileReference; lastKnownFileType = sourcecode.swift; path = LayerBasicVC.swift; sourceTree = "<group>"; };
		542B26811CAF7766FBB2E0CC /* Pods-AnimationDemo.release.xcconfig */ = {isa = PBXFileReference; includeInIndex = 1; lastKnownFileType = text.xcconfig; name = "Pods-AnimationDemo.release.xcconfig"; path = "Pods/Target Support Files/Pods-AnimationDemo/Pods-AnimationDemo.release.xcconfig"; sourceTree = "<group>"; };
		B2A3D8883F0B3BD89A4A0039 /* Pods_AnimationDemo.framework */ = {isa = PBXFileReference; explicitFileType = wrapper.framework; includeInIndex = 0; path = Pods_AnimationDemo.framework; sourceTree = BUILT_PRODUCTS_DIR; };
		CBCB1FD8DE2576DD1CE8799E /* Pods-AnimationDemo.debug.xcconfig */ = {isa = PBXFileReference; includeInIndex = 1; lastKnownFileType = text.xcconfig; name = "Pods-AnimationDemo.debug.xcconfig"; path = "Pods/Target Support Files/Pods-AnimationDemo/Pods-AnimationDemo.debug.xcconfig"; sourceTree = "<group>"; };
/* End PBXFileReference section */

/* Begin PBXFrameworksBuildPhase section */
		192E612022891C08002C7A6E /* Frameworks */ = {
			isa = PBXFrameworksBuildPhase;
			buildActionMask = 2147483647;
			files = (
				CA55F67F78217B1A1E4DDB26 /* Pods_AnimationDemo.framework in Frameworks */,
			);
			runOnlyForDeploymentPostprocessing = 0;
		};
/* End PBXFrameworksBuildPhase section */

/* Begin PBXGroup section */
		192E611A22891C08002C7A6E = {
			isa = PBXGroup;
			children = (
				192E612522891C08002C7A6E /* AnimationDemo */,
				192E612422891C08002C7A6E /* Products */,
				A69B577390CF13731C276D67 /* Pods */,
				8FA31225407DC49955B61AD2 /* Frameworks */,
			);
			sourceTree = "<group>";
		};
		192E612422891C08002C7A6E /* Products */ = {
			isa = PBXGroup;
			children = (
				192E612322891C08002C7A6E /* AnimationDemo.app */,
			);
			name = Products;
			sourceTree = "<group>";
		};
		192E612522891C08002C7A6E /* AnimationDemo */ = {
			isa = PBXGroup;
			children = (
				192E613D2289735C002C7A6E /* LayerAni */,
				192E613A2289270E002C7A6E /* UIkitAni */,
				192E612622891C08002C7A6E /* AppDelegate.swift */,
				192E612A22891C08002C7A6E /* Main.storyboard */,
				192E612D22891C09002C7A6E /* Assets.xcassets */,
				192E612F22891C09002C7A6E /* LaunchScreen.storyboard */,
				192E613222891C09002C7A6E /* Info.plist */,
				192E6138228925EC002C7A6E /* RootViewController.swift */,
			);
			path = AnimationDemo;
			sourceTree = "<group>";
		};
		192E613A2289270E002C7A6E /* UIkitAni */ = {
			isa = PBXGroup;
			children = (
				192E612822891C08002C7A6E /* ViewController.swift */,
				192E613B22892729002C7A6E /* TransitionVC.swift */,
			);
			name = UIkitAni;
			sourceTree = "<group>";
		};
		192E613D2289735C002C7A6E /* LayerAni */ = {
			isa = PBXGroup;
			children = (
				192E613E22897383002C7A6E /* LayerBasicVC.swift */,
				191107DA228BF1F9001D31B7 /* LayerShapeAndMaskVC.swift */,
				191107DC228BF642001D31B7 /* GradientVC.swift */,
			);
			path = LayerAni;
			sourceTree = "<group>";
		};
		8FA31225407DC49955B61AD2 /* Frameworks */ = {
			isa = PBXGroup;
			children = (
				B2A3D8883F0B3BD89A4A0039 /* Pods_AnimationDemo.framework */,
			);
			name = Frameworks;
			sourceTree = "<group>";
		};
		A69B577390CF13731C276D67 /* Pods */ = {
			isa = PBXGroup;
			children = (
				CBCB1FD8DE2576DD1CE8799E /* Pods-AnimationDemo.debug.xcconfig */,
				542B26811CAF7766FBB2E0CC /* Pods-AnimationDemo.release.xcconfig */,
			);
			name = Pods;
			sourceTree = "<group>";
		};
/* End PBXGroup section */

/* Begin PBXNativeTarget section */
		192E612222891C08002C7A6E /* AnimationDemo */ = {
			isa = PBXNativeTarget;
			buildConfigurationList = 192E613522891C09002C7A6E /* Build configuration list for PBXNativeTarget "AnimationDemo" */;
			buildPhases = (
				34EABAC08E55EB6ABF763A7E /* [CP] Check Pods Manifest.lock */,
				192E611F22891C08002C7A6E /* Sources */,
				192E612022891C08002C7A6E /* Frameworks */,
				192E612122891C08002C7A6E /* Resources */,
				498C375003B618461F021599 /* [CP] Embed Pods Frameworks */,
			);
			buildRules = (
			);
			dependencies = (
			);
			name = AnimationDemo;
			productName = AnimationDemo;
			productReference = 192E612322891C08002C7A6E /* AnimationDemo.app */;
			productType = "com.apple.product-type.application";
		};
/* End PBXNativeTarget section */

/* Begin PBXProject section */
		192E611B22891C08002C7A6E /* Project object */ = {
			isa = PBXProject;
			attributes = {
				LastSwiftUpdateCheck = 1020;
				LastUpgradeCheck = 1020;
				ORGANIZATIONNAME = Yi;
				TargetAttributes = {
					192E612222891C08002C7A6E = {
						CreatedOnToolsVersion = 10.2.1;
					};
				};
			};
			buildConfigurationList = 192E611E22891C08002C7A6E /* Build configuration list for PBXProject "AnimationDemo" */;
			compatibilityVersion = "Xcode 9.3";
			developmentRegion = en;
			hasScannedForEncodings = 0;
			knownRegions = (
				en,
				Base,
			);
			mainGroup = 192E611A22891C08002C7A6E;
			productRefGroup = 192E612422891C08002C7A6E /* Products */;
			projectDirPath = "";
			projectRoot = "";
			targets = (
				192E612222891C08002C7A6E /* AnimationDemo */,
			);
		};
/* End PBXProject section */

/* Begin PBXResourcesBuildPhase section */
		192E612122891C08002C7A6E /* Resources */ = {
			isa = PBXResourcesBuildPhase;
			buildActionMask = 2147483647;
			files = (
				192E613122891C09002C7A6E /* LaunchScreen.storyboard in Resources */,
				192E612E22891C09002C7A6E /* Assets.xcassets in Resources */,
				192E612C22891C08002C7A6E /* Main.storyboard in Resources */,
			);
			runOnlyForDeploymentPostprocessing = 0;
		};
/* End PBXResourcesBuildPhase section */

/* Begin PBXShellScriptBuildPhase section */
		34EABAC08E55EB6ABF763A7E /* [CP] Check Pods Manifest.lock */ = {
			isa = PBXShellScriptBuildPhase;
			buildActionMask = 2147483647;
			files = (
			);
			inputFileListPaths = (
			);
			inputPaths = (
				"${PODS_PODFILE_DIR_PATH}/Podfile.lock",
				"${PODS_ROOT}/Manifest.lock",
			);
			name = "[CP] Check Pods Manifest.lock";
			outputFileListPaths = (
			);
			outputPaths = (
				"$(DERIVED_FILE_DIR)/Pods-AnimationDemo-checkManifestLockResult.txt",
			);
			runOnlyForDeploymentPostprocessing = 0;
			shellPath = /bin/sh;
			shellScript = "diff \"${PODS_PODFILE_DIR_PATH}/Podfile.lock\" \"${PODS_ROOT}/Manifest.lock\" > /dev/null\nif [ $? != 0 ] ; then\n    # print error to STDERR\n    echo \"error: The sandbox is not in sync with the Podfile.lock. Run 'pod install' or update your CocoaPods installation.\" >&2\n    exit 1\nfi\n# This output is used by Xcode 'outputs' to avoid re-running this script phase.\necho \"SUCCESS\" > \"${SCRIPT_OUTPUT_FILE_0}\"\n";
			showEnvVarsInLog = 0;
		};
		498C375003B618461F021599 /* [CP] Embed Pods Frameworks */ = {
			isa = PBXShellScriptBuildPhase;
			buildActionMask = 2147483647;
			files = (
			);
			inputFileListPaths = (
			);
			inputPaths = (
				"${SRCROOT}/Pods/Target Support Files/Pods-AnimationDemo/Pods-AnimationDemo-frameworks.sh",
				"${BUILT_PRODUCTS_DIR}/SnapKit/SnapKit.framework",
			);
			name = "[CP] Embed Pods Frameworks";
			outputFileListPaths = (
			);
			outputPaths = (
				"${TARGET_BUILD_DIR}/${FRAMEWORKS_FOLDER_PATH}/SnapKit.framework",
			);
			runOnlyForDeploymentPostprocessing = 0;
			shellPath = /bin/sh;
			shellScript = "\"${SRCROOT}/Pods/Target Support Files/Pods-AnimationDemo/Pods-AnimationDemo-frameworks.sh\"\n";
			showEnvVarsInLog = 0;
		};
/* End PBXShellScriptBuildPhase section */

/* Begin PBXSourcesBuildPhase section */
		192E611F22891C08002C7A6E /* Sources */ = {
			isa = PBXSourcesBuildPhase;
			buildActionMask = 2147483647;
			files = (
				191107DB228BF1F9001D31B7 /* LayerShapeAndMaskVC.swift in Sources */,
				192E612922891C08002C7A6E /* ViewController.swift in Sources */,
				192E613F22897383002C7A6E /* LayerBasicVC.swift in Sources */,
				191107DD228BF642001D31B7 /* GradientVC.swift in Sources */,
				192E613C22892729002C7A6E /* TransitionVC.swift in Sources */,
				192E612722891C08002C7A6E /* AppDelegate.swift in Sources */,
				192E6139228925EC002C7A6E /* RootViewController.swift in Sources */,
			);
			runOnlyForDeploymentPostprocessing = 0;
		};
/* End PBXSourcesBuildPhase section */

/* Begin PBXVariantGroup section */
		192E612A22891C08002C7A6E /* Main.storyboard */ = {
			isa = PBXVariantGroup;
			children = (
				192E612B22891C08002C7A6E /* Base */,
			);
			name = Main.storyboard;
			sourceTree = "<group>";
		};
		192E612F22891C09002C7A6E /* LaunchScreen.storyboard */ = {
			isa = PBXVariantGroup;
			children = (
				192E613022891C09002C7A6E /* Base */,
			);
			name = LaunchScreen.storyboard;
			sourceTree = "<group>";
		};
/* End PBXVariantGroup section */

/* Begin XCBuildConfiguration section */
		192E613322891C09002C7A6E /* Debug */ = {
			isa = XCBuildConfiguration;
			buildSettings = {
				ALWAYS_SEARCH_USER_PATHS = NO;
				CLANG_ANALYZER_NONNULL = YES;
				CLANG_ANALYZER_NUMBER_OBJECT_CONVERSION = YES_AGGRESSIVE;
				CLANG_CXX_LANGUAGE_STANDARD = "gnu++14";
				CLANG_CXX_LIBRARY = "libc++";
				CLANG_ENABLE_MODULES = YES;
				CLANG_ENABLE_OBJC_ARC = YES;
				CLANG_ENABLE_OBJC_WEAK = YES;
				CLANG_WARN_BLOCK_CAPTURE_AUTORELEASING = YES;
				CLANG_WARN_BOOL_CONVERSION = YES;
				CLANG_WARN_COMMA = YES;
				CLANG_WARN_CONSTANT_CONVERSION = YES;
				CLANG_WARN_DEPRECATED_OBJC_IMPLEMENTATIONS = YES;
				CLANG_WARN_DIRECT_OBJC_ISA_USAGE = YES_ERROR;
				CLANG_WARN_DOCUMENTATION_COMMENTS = YES;
				CLANG_WARN_EMPTY_BODY = YES;
				CLANG_WARN_ENUM_CONVERSION = YES;
				CLANG_WARN_INFINITE_RECURSION = YES;
				CLANG_WARN_INT_CONVERSION = YES;
				CLANG_WARN_NON_LITERAL_NULL_CONVERSION = YES;
				CLANG_WARN_OBJC_IMPLICIT_RETAIN_SELF = YES;
				CLANG_WARN_OBJC_LITERAL_CONVERSION = YES;
				CLANG_WARN_OBJC_ROOT_CLASS = YES_ERROR;
				CLANG_WARN_RANGE_LOOP_ANALYSIS = YES;
				CLANG_WARN_STRICT_PROTOTYPES = YES;
				CLANG_WARN_SUSPICIOUS_MOVE = YES;
				CLANG_WARN_UNGUARDED_AVAILABILITY = YES_AGGRESSIVE;
				CLANG_WARN_UNREACHABLE_CODE = YES;
				CLANG_WARN__DUPLICATE_METHOD_MATCH = YES;
				CODE_SIGN_IDENTITY = "iPhone Developer";
				COPY_PHASE_STRIP = NO;
				DEBUG_INFORMATION_FORMAT = dwarf;
				ENABLE_STRICT_OBJC_MSGSEND = YES;
				ENABLE_TESTABILITY = YES;
				GCC_C_LANGUAGE_STANDARD = gnu11;
				GCC_DYNAMIC_NO_PIC = NO;
				GCC_NO_COMMON_BLOCKS = YES;
				GCC_OPTIMIZATION_LEVEL = 0;
				GCC_PREPROCESSOR_DEFINITIONS = (
					"DEBUG=1",
					"$(inherited)",
				);
				GCC_WARN_64_TO_32_BIT_CONVERSION = YES;
				GCC_WARN_ABOUT_RETURN_TYPE = YES_ERROR;
				GCC_WARN_UNDECLARED_SELECTOR = YES;
				GCC_WARN_UNINITIALIZED_AUTOS = YES_AGGRESSIVE;
				GCC_WARN_UNUSED_FUNCTION = YES;
				GCC_WARN_UNUSED_VARIABLE = YES;
				IPHONEOS_DEPLOYMENT_TARGET = 12.2;
				MTL_ENABLE_DEBUG_INFO = INCLUDE_SOURCE;
				MTL_FAST_MATH = YES;
				ONLY_ACTIVE_ARCH = YES;
				SDKROOT = iphoneos;
				SWIFT_ACTIVE_COMPILATION_CONDITIONS = DEBUG;
				SWIFT_OPTIMIZATION_LEVEL = "-Onone";
			};
			name = Debug;
		};
		192E613422891C09002C7A6E /* Release */ = {
			isa = XCBuildConfiguration;
			buildSettings = {
				ALWAYS_SEARCH_USER_PATHS = NO;
				CLANG_ANALYZER_NONNULL = YES;
				CLANG_ANALYZER_NUMBER_OBJECT_CONVERSION = YES_AGGRESSIVE;
				CLANG_CXX_LANGUAGE_STANDARD = "gnu++14";
				CLANG_CXX_LIBRARY = "libc++";
				CLANG_ENABLE_MODULES = YES;
				CLANG_ENABLE_OBJC_ARC = YES;
				CLANG_ENABLE_OBJC_WEAK = YES;
				CLANG_WARN_BLOCK_CAPTURE_AUTORELEASING = YES;
				CLANG_WARN_BOOL_CONVERSION = YES;
				CLANG_WARN_COMMA = YES;
				CLANG_WARN_CONSTANT_CONVERSION = YES;
				CLANG_WARN_DEPRECATED_OBJC_IMPLEMENTATIONS = YES;
				CLANG_WARN_DIRECT_OBJC_ISA_USAGE = YES_ERROR;
				CLANG_WARN_DOCUMENTATION_COMMENTS = YES;
				CLANG_WARN_EMPTY_BODY = YES;
				CLANG_WARN_ENUM_CONVERSION = YES;
				CLANG_WARN_INFINITE_RECURSION = YES;
				CLANG_WARN_INT_CONVERSION = YES;
				CLANG_WARN_NON_LITERAL_NULL_CONVERSION = YES;
				CLANG_WARN_OBJC_IMPLICIT_RETAIN_SELF = YES;
				CLANG_WARN_OBJC_LITERAL_CONVERSION = YES;
				CLANG_WARN_OBJC_ROOT_CLASS = YES_ERROR;
				CLANG_WARN_RANGE_LOOP_ANALYSIS = YES;
				CLANG_WARN_STRICT_PROTOTYPES = YES;
				CLANG_WARN_SUSPICIOUS_MOVE = YES;
				CLANG_WARN_UNGUARDED_AVAILABILITY = YES_AGGRESSIVE;
				CLANG_WARN_UNREACHABLE_CODE = YES;
				CLANG_WARN__DUPLICATE_METHOD_MATCH = YES;
				CODE_SIGN_IDENTITY = "iPhone Developer";
				COPY_PHASE_STRIP = NO;
				DEBUG_INFORMATION_FORMAT = "dwarf-with-dsym";
				ENABLE_NS_ASSERTIONS = NO;
				ENABLE_STRICT_OBJC_MSGSEND = YES;
				GCC_C_LANGUAGE_STANDARD = gnu11;
				GCC_NO_COMMON_BLOCKS = YES;
				GCC_WARN_64_TO_32_BIT_CONVERSION = YES;
				GCC_WARN_ABOUT_RETURN_TYPE = YES_ERROR;
				GCC_WARN_UNDECLARED_SELECTOR = YES;
				GCC_WARN_UNINITIALIZED_AUTOS = YES_AGGRESSIVE;
				GCC_WARN_UNUSED_FUNCTION = YES;
				GCC_WARN_UNUSED_VARIABLE = YES;
				IPHONEOS_DEPLOYMENT_TARGET = 12.2;
				MTL_ENABLE_DEBUG_INFO = NO;
				MTL_FAST_MATH = YES;
				SDKROOT = iphoneos;
				SWIFT_COMPILATION_MODE = wholemodule;
				SWIFT_OPTIMIZATION_LEVEL = "-O";
				VALIDATE_PRODUCT = YES;
			};
			name = Release;
		};
		192E613622891C09002C7A6E /* Debug */ = {
			isa = XCBuildConfiguration;
			baseConfigurationReference = CBCB1FD8DE2576DD1CE8799E /* Pods-AnimationDemo.debug.xcconfig */;
			buildSettings = {
				ASSETCATALOG_COMPILER_APPICON_NAME = AppIcon;
				CODE_SIGN_STYLE = Automatic;
				DEVELOPMENT_TEAM = 7T366LQLPX;
				INFOPLIST_FILE = AnimationDemo/Info.plist;
				IPHONEOS_DEPLOYMENT_TARGET = 10.0;
				LD_RUNPATH_SEARCH_PATHS = (
					"$(inherited)",
					"@executable_path/Frameworks",
				);
				PRODUCT_BUNDLE_IDENTIFIER = com.renjianshenhua.AnimationDemo;
				PRODUCT_NAME = "$(TARGET_NAME)";
				SWIFT_VERSION = 5.0;
				TARGETED_DEVICE_FAMILY = "1,2";
			};
			name = Debug;
		};
		192E613722891C09002C7A6E /* Release */ = {
			isa = XCBuildConfiguration;
			baseConfigurationReference = 542B26811CAF7766FBB2E0CC /* Pods-AnimationDemo.release.xcconfig */;
			buildSettings = {
				ASSETCATALOG_COMPILER_APPICON_NAME = AppIcon;
				CODE_SIGN_STYLE = Automatic;
				DEVELOPMENT_TEAM = 7T366LQLPX;
				INFOPLIST_FILE = AnimationDemo/Info.plist;
				IPHONEOS_DEPLOYMENT_TARGET = 10.0;
				LD_RUNPATH_SEARCH_PATHS = (
					"$(inherited)",
					"@executable_path/Frameworks",
				);
				PRODUCT_BUNDLE_IDENTIFIER = com.renjianshenhua.AnimationDemo;
				PRODUCT_NAME = "$(TARGET_NAME)";
				SWIFT_VERSION = 5.0;
				TARGETED_DEVICE_FAMILY = "1,2";
			};
			name = Release;
		};
/* End XCBuildConfiguration section */

/* Begin XCConfigurationList section */
		192E611E22891C08002C7A6E /* Build configuration list for PBXProject "AnimationDemo" */ = {
			isa = XCConfigurationList;
			buildConfigurations = (
				192E613322891C09002C7A6E /* Debug */,
				192E613422891C09002C7A6E /* Release */,
			);
			defaultConfigurationIsVisible = 0;
			defaultConfigurationName = Release;
		};
		192E613522891C09002C7A6E /* Build configuration list for PBXNativeTarget "AnimationDemo" */ = {
			isa = XCConfigurationList;
			buildConfigurations = (
				192E613622891C09002C7A6E /* Debug */,
				192E613722891C09002C7A6E /* Release */,
			);
			defaultConfigurationIsVisible = 0;
			defaultConfigurationName = Release;
		};
/* End XCConfigurationList section */
	};
	rootObject = 192E611B22891C08002C7A6E /* Project object */;
}
